
Microsoft Visual Studio Solution File, Format Version 12.00
# Visual Studio 2013
VisualStudioVersion = 12.0.31101.0
MinimumVisualStudioVersion = 10.0.40219.1
Project("{FAE04EC0-301F-11D3-BF4B-00C04F79EFBC}") = "domain-public-suffix", "domain-public-suffix\domain-public-suffix.csproj", "{30F13E9B-61E5-4A67-BE8B-659660B76C31}"
EndProject
Project("{FAE04EC0-301F-11D3-BF4B-00C04F79EFBC}") = "domain-public-suffix.Tests", "domain-public-suffix.Tests\domain-public-suffix.Tests.csproj", "{19E3EC6D-B245-4005-AB2E-5C88E8738CC3}"
EndProject
Global
	GlobalSection(SolutionConfigurationPlatforms) = preSolution
		Debug|Any CPU = Debug|Any CPU
		Release|Any CPU = Release|Any CPU
	EndGlobalSection
	GlobalSection(ProjectConfigurationPlatforms) = postSolution
		{30F13E9B-61E5-4A67-BE8B-659660B76C31}.Debug|Any CPU.ActiveCfg = Debug|Any CPU
		{30F13E9B-61E5-4A67-BE8B-659660B76C31}.Debug|Any CPU.Build.0 = Debug|Any CPU
		{30F13E9B-61E5-4A67-BE8B-659660B76C31}.Release|Any CPU.ActiveCfg = Release|Any CPU
		{30F13E9B-61E5-4A67-BE8B-659660B76C31}.Release|Any CPU.Build.0 = Release|Any CPU
		{19E3EC6D-B245-4005-AB2E-5C88E8738CC3}.Debug|Any CPU.ActiveCfg = Debug|Any CPU
		{19E3EC6D-B245-4005-AB2E-5C88E8738CC3}.Debug|Any CPU.Build.0 = Debug|Any CPU
		{19E3EC6D-B245-4005-AB2E-5C88E8738CC3}.Release|Any CPU.ActiveCfg = Release|Any CPU
		{19E3EC6D-B245-4005-AB2E-5C88E8738CC3}.Release|Any CPU.Build.0 = Release|Any CPU
	EndGlobalSection
	GlobalSection(SolutionProperties) = preSolution
		HideSolutionNode = FALSE
	EndGlobalSection
EndGlobal
