
Microsoft Visual Studio Solution File, Format Version 12.00
# Visual Studio 2013
VisualStudioVersion = 12.0.31101.0
MinimumVisualStudioVersion = 10.0.40219.1
Project("{FAE04EC0-301F-11D3-BF4B-00C04F79EFBC}") = "domain-public-suffix", "domain-public-suffix\domain-public-suffix.csproj", "{30F13E9B-61E5-4A67-BE8B-659660B76C31}"
EndProject
Project("{FAE04EC0-301F-11D3-BF4B-00C04F79EFBC}") = "domain-public-suffix.Tests", "domain-public-suffix.Tests\domain-public-suffix.Tests.csproj", "{C3CE7E35-2B2A-4CB8-B5D1-E039BCBE92C8}"
EndProject
Global
	GlobalSection(SolutionConfigurationPlatforms) = preSolution
		Debug|Any CPU = Debug|Any CPU
		Release|Any CPU = Release|Any CPU
	EndGlobalSection
	GlobalSection(ProjectConfigurationPlatforms) = postSolution
		{30F13E9B-61E5-4A67-BE8B-659660B76C31}.Debug|Any CPU.ActiveCfg = Debug|Any CPU
		{30F13E9B-61E5-4A67-BE8B-659660B76C31}.Debug|Any CPU.Build.0 = Debug|Any CPU
		{30F13E9B-61E5-4A67-BE8B-659660B76C31}.Release|Any CPU.ActiveCfg = Release|Any CPU
		{30F13E9B-61E5-4A67-BE8B-659660B76C31}.Release|Any CPU.Build.0 = Release|Any CPU
		{C3CE7E35-2B2A-4CB8-B5D1-E039BCBE92C8}.Debug|Any CPU.ActiveCfg = Debug|Any CPU
		{C3CE7E35-2B2A-4CB8-B5D1-E039BCBE92C8}.Debug|Any CPU.Build.0 = Debug|Any CPU
		{C3CE7E35-2B2A-4CB8-B5D1-E039BCBE92C8}.Release|Any CPU.ActiveCfg = Release|Any CPU
		{C3CE7E35-2B2A-4CB8-B5D1-E039BCBE92C8}.Release|Any CPU.Build.0 = Release|Any CPU
	EndGlobalSection
	GlobalSection(SolutionProperties) = preSolution
		HideSolutionNode = FALSE
	EndGlobalSection
EndGlobal
